# THIS IS AN AUTOGENERATED FILE. DO NOT EDIT THIS FILE DIRECTLY.
# yarn lockfile v1


"@konstantywrona/randomid-generator@^1.0.0":
  version "1.0.0"
  resolved "https://registry.yarnpkg.com/@konstantywrona/randomid-generator/-/randomid-generator-1.0.0.tgz#1f2dfc1a6a3158eb8e54085c8f1701dc25df11d2"
  integrity sha512-+xuRS1WDyLbtrhzmc1di9ZwuvfR9Fr7FFNc0d3fx2l/5jpYebNa9YymVsdQyLUvPpGeIYTl3TElj4FsKJ/xc+w==
